// !$*UTF8*$!
{
	archiveVersion = 1;
	classes = {
	};
	objectVersion = 46;
	objects = {

/* Begin PBXBuildFile section */
		CB54568702E47198AF705E21 /* Pods_CoupleTimezones.framework in Frameworks */ = {isa = PBXBuildFile; fileRef = 2E79E6423D49071B02D6BA10 /* Pods_CoupleTimezones.framework */; };
		ED5391DB1DA5772100071709 /* FZYanSJW.TTF in Resources */ = {isa = PBXBuildFile; fileRef = EDB1F92C1DA561FC00540AEA /* FZYanSJW.TTF */; };
		ED5391DE1DA580E100071709 /* AlarmClockCell.swift in Sources */ = {isa = PBXBuildFile; fileRef = ED5391DD1DA580E100071709 /* AlarmClockCell.swift */; };
		ED5391E01DA5841900071709 /* Constants.swift in Sources */ = {isa = PBXBuildFile; fileRef = ED5391DF1DA5841900071709 /* Constants.swift */; };
		ED5391E21DA5845D00071709 /* Extensions.swift in Sources */ = {isa = PBXBuildFile; fileRef = ED5391E11DA5845D00071709 /* Extensions.swift */; };
		ED5391E61DA5899F00071709 /* AlarmClockModel.swift in Sources */ = {isa = PBXBuildFile; fileRef = ED5391E51DA5899F00071709 /* AlarmClockModel.swift */; };
		ED5392091DA64C2800071709 /* UserData.swift in Sources */ = {isa = PBXBuildFile; fileRef = ED5392081DA64C2800071709 /* UserData.swift */; };
		ED53920B1DA6513000071709 /* Helpers.swift in Sources */ = {isa = PBXBuildFile; fileRef = ED53920A1DA6513000071709 /* Helpers.swift */; };
		ED53920D1DA652B100071709 /* NewAlarmClockViewController.swift in Sources */ = {isa = PBXBuildFile; fileRef = ED53920C1DA652B100071709 /* NewAlarmClockViewController.swift */; };
		ED53920F1DA65BEF00071709 /* RatioView.swift in Sources */ = {isa = PBXBuildFile; fileRef = ED53920E1DA65BEF00071709 /* RatioView.swift */; };
		ED5392111DA6600F00071709 /* SwitchView.swift in Sources */ = {isa = PBXBuildFile; fileRef = ED5392101DA6600F00071709 /* SwitchView.swift */; };
		ED5392141DA6811600071709 /* DayInWeekCell.swift in Sources */ = {isa = PBXBuildFile; fileRef = ED5392131DA6811600071709 /* DayInWeekCell.swift */; };
		ED5392161DA6832900071709 /* SelectRepeatDayViewController.swift in Sources */ = {isa = PBXBuildFile; fileRef = ED5392151DA6832900071709 /* SelectRepeatDayViewController.swift */; };
		ED5392181DA6CDF400071709 /* EditTagViewController.swift in Sources */ = {isa = PBXBuildFile; fileRef = ED5392171DA6CDF400071709 /* EditTagViewController.swift */; };
		ED53921A1DA6D62800071709 /* NoContentCell.swift in Sources */ = {isa = PBXBuildFile; fileRef = ED5392191DA6D62800071709 /* NoContentCell.swift */; };
		ED660C301DA7ADE900411874 /* SettingViewController.swift in Sources */ = {isa = PBXBuildFile; fileRef = ED660C2F1DA7ADE900411874 /* SettingViewController.swift */; };
		ED660C341DA7E78B00411874 /* SlidingFormViewController.swift in Sources */ = {isa = PBXBuildFile; fileRef = ED660C331DA7E78B00411874 /* SlidingFormViewController.swift */; };
		ED660C3A1DA9016600411874 /* SlidingFormPage.swift in Sources */ = {isa = PBXBuildFile; fileRef = ED660C391DA9016600411874 /* SlidingFormPage.swift */; };
		ED660C3C1DA90A1E00411874 /* SlidingFormElementCheckbox.swift in Sources */ = {isa = PBXBuildFile; fileRef = ED660C3B1DA90A1E00411874 /* SlidingFormElementCheckbox.swift */; };
		ED660C3E1DA90A6C00411874 /* SlidingFormElementRatio.swift in Sources */ = {isa = PBXBuildFile; fileRef = ED660C3D1DA90A6C00411874 /* SlidingFormElementRatio.swift */; };
		ED660C401DA913B800411874 /* SlidingFormPageConfig.swift in Sources */ = {isa = PBXBuildFile; fileRef = ED660C3F1DA913B800411874 /* SlidingFormPageConfig.swift */; };
		ED660C421DA928E500411874 /* SlidingFormElementSwitch.swift in Sources */ = {isa = PBXBuildFile; fileRef = ED660C411DA928E500411874 /* SlidingFormElementSwitch.swift */; };
		ED945ACB1E51F8FA00FC217E /* GoogleService-Info.plist in Resources */ = {isa = PBXBuildFile; fileRef = ED945ACA1E51F8FA00FC217E /* GoogleService-Info.plist */; };
		ED945ACE1E51F9A700FC217E /* localdata.xcdatamodeld in Sources */ = {isa = PBXBuildFile; fileRef = ED945ACC1E51F9A700FC217E /* localdata.xcdatamodeld */; };
		ED945AD11E51FEE100FC217E /* UserService.swift in Sources */ = {isa = PBXBuildFile; fileRef = ED945AD01E51FEE100FC217E /* UserService.swift */; };
		ED945AD41E520D2200FC217E /* AlarmClockService.swift in Sources */ = {isa = PBXBuildFile; fileRef = ED945AD31E520D2200FC217E /* AlarmClockService.swift */; };
		ED945AD61E54A76200FC217E /* AttentionCell.swift in Sources */ = {isa = PBXBuildFile; fileRef = ED945AD51E54A76200FC217E /* AttentionCell.swift */; };
		ED945AD81E54F66900FC217E /* LoadingView.swift in Sources */ = {isa = PBXBuildFile; fileRef = ED945AD71E54F66900FC217E /* LoadingView.swift */; };
		ED945ADA1E55DC3900FC217E /* NotifService.swift in Sources */ = {isa = PBXBuildFile; fileRef = ED945AD91E55DC3900FC217E /* NotifService.swift */; };
		EDB1F91A1DA55E6B00540AEA /* AppDelegate.swift in Sources */ = {isa = PBXBuildFile; fileRef = EDB1F9191DA55E6B00540AEA /* AppDelegate.swift */; };
		EDB1F91C1DA55E6B00540AEA /* AlarmClockViewController.swift in Sources */ = {isa = PBXBuildFile; fileRef = EDB1F91B1DA55E6B00540AEA /* AlarmClockViewController.swift */; };
		EDB1F91F1DA55E6B00540AEA /* Main.storyboard in Resources */ = {isa = PBXBuildFile; fileRef = EDB1F91D1DA55E6B00540AEA /* Main.storyboard */; };
		EDB1F9211DA55E6B00540AEA /* Assets.xcassets in Resources */ = {isa = PBXBuildFile; fileRef = EDB1F9201DA55E6B00540AEA /* Assets.xcassets */; };
		EDB1F9241DA55E6B00540AEA /* LaunchScreen.storyboard in Resources */ = {isa = PBXBuildFile; fileRef = EDB1F9221DA55E6B00540AEA /* LaunchScreen.storyboard */; };
		EDC521191DA969B5007039FC /* UserSettings.swift in Sources */ = {isa = PBXBuildFile; fileRef = EDC521181DA969B5007039FC /* UserSettings.swift */; };
		EDC5211E1DA9ABC4007039FC /* Localizable.strings in Resources */ = {isa = PBXBuildFile; fileRef = EDC521201DA9ABC4007039FC /* Localizable.strings */; };
		EDC521231DA9ABC4007039FC /* InfoPlist.strings in Resources */ = {isa = PBXBuildFile; fileRef = EDC521251DA9ABC4007039FC /* InfoPlist.strings */; };
		EDC521271DAA4D5F007039FC /* CTDateModel.swift in Sources */ = {isa = PBXBuildFile; fileRef = EDC521261DAA4D5F007039FC /* CTDateModel.swift */; };
		EDC521291DAA6057007039FC /* FZMSTJW.TTF in Resources */ = {isa = PBXBuildFile; fileRef = EDC521281DAA6034007039FC /* FZMSTJW.TTF */; };
		EDC521391DAE923C007039FC /* AlarmClockHelperModel.swift in Sources */ = {isa = PBXBuildFile; fileRef = EDC521381DAE923C007039FC /* AlarmClockHelperModel.swift */; };
		EDC5213D1DAFBAA6007039FC /* ElephanteCatchingOnfeat.m4a in Resources */ = {isa = PBXBuildFile; fileRef = EDC5213C1DAFBAA6007039FC /* ElephanteCatchingOnfeat.m4a */; };
		EDC5213F1DAFBC75007039FC /* ElephanteCatchingOnfeat(25).wav in Resources */ = {isa = PBXBuildFile; fileRef = EDC5213E1DAFBC75007039FC /* ElephanteCatchingOnfeat(25).wav */; };
		EDC521411DAFC3D8007039FC /* ElephanteCatchingOnfeat25.aiff in Resources */ = {isa = PBXBuildFile; fileRef = EDC521401DAFC3D8007039FC /* ElephanteCatchingOnfeat25.aiff */; };
		EDC521631DB0E9DC007039FC /* AlertViewController.swift in Sources */ = {isa = PBXBuildFile; fileRef = EDC521621DB0E9DC007039FC /* AlertViewController.swift */; };
/* End PBXBuildFile section */

/* Begin PBXFileReference section */
		073231FF07FBD526DB9F5891 /* Pods-CoupleTimezones.release.xcconfig */ = {isa = PBXFileReference; includeInIndex = 1; lastKnownFileType = text.xcconfig; name = "Pods-CoupleTimezones.release.xcconfig"; path = "Pods/Target Support Files/Pods-CoupleTimezones/Pods-CoupleTimezones.release.xcconfig"; sourceTree = "<group>"; };
		2E79E6423D49071B02D6BA10 /* Pods_CoupleTimezones.framework */ = {isa = PBXFileReference; explicitFileType = wrapper.framework; includeInIndex = 0; path = Pods_CoupleTimezones.framework; sourceTree = BUILT_PRODUCTS_DIR; };
		EB1425EFCFD125D923B0EB2F /* Pods-CoupleTimezones.debug.xcconfig */ = {isa = PBXFileReference; includeInIndex = 1; lastKnownFileType = text.xcconfig; name = "Pods-CoupleTimezones.debug.xcconfig"; path = "Pods/Target Support Files/Pods-CoupleTimezones/Pods-CoupleTimezones.debug.xcconfig"; sourceTree = "<group>"; };
		ED5391DD1DA580E100071709 /* AlarmClockCell.swift */ = {isa = PBXFileReference; fileEncoding = 4; lastKnownFileType = sourcecode.swift; path = AlarmClockCell.swift; sourceTree = "<group>"; };
		ED5391DF1DA5841900071709 /* Constants.swift */ = {isa = PBXFileReference; fileEncoding = 4; lastKnownFileType = sourcecode.swift; path = Constants.swift; sourceTree = "<group>"; };
		ED5391E11DA5845D00071709 /* Extensions.swift */ = {isa = PBXFileReference; fileEncoding = 4; lastKnownFileType = sourcecode.swift; path = Extensions.swift; sourceTree = "<group>"; };
		ED5391E51DA5899F00071709 /* AlarmClockModel.swift */ = {isa = PBXFileReference; fileEncoding = 4; lastKnownFileType = sourcecode.swift; path = AlarmClockModel.swift; sourceTree = "<group>"; };
		ED5392081DA64C2800071709 /* UserData.swift */ = {isa = PBXFileReference; fileEncoding = 4; lastKnownFileType = sourcecode.swift; path = UserData.swift; sourceTree = "<group>"; };
		ED53920A1DA6513000071709 /* Helpers.swift */ = {isa = PBXFileReference; fileEncoding = 4; lastKnownFileType = sourcecode.swift; path = Helpers.swift; sourceTree = "<group>"; };
		ED53920C1DA652B100071709 /* NewAlarmClockViewController.swift */ = {isa = PBXFileReference; fileEncoding = 4; lastKnownFileType = sourcecode.swift; path = NewAlarmClockViewController.swift; sourceTree = "<group>"; };
		ED53920E1DA65BEF00071709 /* RatioView.swift */ = {isa = PBXFileReference; fileEncoding = 4; lastKnownFileType = sourcecode.swift; path = RatioView.swift; sourceTree = "<group>"; };
		ED5392101DA6600F00071709 /* SwitchView.swift */ = {isa = PBXFileReference; fileEncoding = 4; lastKnownFileType = sourcecode.swift; path = SwitchView.swift; sourceTree = "<group>"; };
		ED5392131DA6811600071709 /* DayInWeekCell.swift */ = {isa = PBXFileReference; fileEncoding = 4; lastKnownFileType = sourcecode.swift; path = DayInWeekCell.swift; sourceTree = "<group>"; };
		ED5392151DA6832900071709 /* SelectRepeatDayViewController.swift */ = {isa = PBXFileReference; fileEncoding = 4; lastKnownFileType = sourcecode.swift; path = SelectRepeatDayViewController.swift; sourceTree = "<group>"; };
		ED5392171DA6CDF400071709 /* EditTagViewController.swift */ = {isa = PBXFileReference; fileEncoding = 4; lastKnownFileType = sourcecode.swift; path = EditTagViewController.swift; sourceTree = "<group>"; };
		ED5392191DA6D62800071709 /* NoContentCell.swift */ = {isa = PBXFileReference; fileEncoding = 4; lastKnownFileType = sourcecode.swift; path = NoContentCell.swift; sourceTree = "<group>"; };
		ED660C2F1DA7ADE900411874 /* SettingViewController.swift */ = {isa = PBXFileReference; fileEncoding = 4; lastKnownFileType = sourcecode.swift; path = SettingViewController.swift; sourceTree = "<group>"; };
		ED660C331DA7E78B00411874 /* SlidingFormViewController.swift */ = {isa = PBXFileReference; fileEncoding = 4; lastKnownFileType = sourcecode.swift; path = SlidingFormViewController.swift; sourceTree = "<group>"; };
		ED660C391DA9016600411874 /* SlidingFormPage.swift */ = {isa = PBXFileReference; fileEncoding = 4; lastKnownFileType = sourcecode.swift; path = SlidingFormPage.swift; sourceTree = "<group>"; };
		ED660C3B1DA90A1E00411874 /* SlidingFormElementCheckbox.swift */ = {isa = PBXFileReference; fileEncoding = 4; lastKnownFileType = sourcecode.swift; path = SlidingFormElementCheckbox.swift; sourceTree = "<group>"; };
		ED660C3D1DA90A6C00411874 /* SlidingFormElementRatio.swift */ = {isa = PBXFileReference; fileEncoding = 4; lastKnownFileType = sourcecode.swift; path = SlidingFormElementRatio.swift; sourceTree = "<group>"; };
		ED660C3F1DA913B800411874 /* SlidingFormPageConfig.swift */ = {isa = PBXFileReference; fileEncoding = 4; lastKnownFileType = sourcecode.swift; path = SlidingFormPageConfig.swift; sourceTree = "<group>"; };
		ED660C411DA928E500411874 /* SlidingFormElementSwitch.swift */ = {isa = PBXFileReference; fileEncoding = 4; lastKnownFileType = sourcecode.swift; path = SlidingFormElementSwitch.swift; sourceTree = "<group>"; };
		ED945ACA1E51F8FA00FC217E /* GoogleService-Info.plist */ = {isa = PBXFileReference; fileEncoding = 4; lastKnownFileType = text.plist.xml; path = "GoogleService-Info.plist"; sourceTree = "<group>"; };
		ED945ACD1E51F9A700FC217E /* localdata.xcdatamodel */ = {isa = PBXFileReference; lastKnownFileType = wrapper.xcdatamodel; path = localdata.xcdatamodel; sourceTree = "<group>"; };
		ED945AD01E51FEE100FC217E /* UserService.swift */ = {isa = PBXFileReference; fileEncoding = 4; lastKnownFileType = sourcecode.swift; path = UserService.swift; sourceTree = "<group>"; };
		ED945AD31E520D2200FC217E /* AlarmClockService.swift */ = {isa = PBXFileReference; fileEncoding = 4; lastKnownFileType = sourcecode.swift; path = AlarmClockService.swift; sourceTree = "<group>"; };
		ED945AD51E54A76200FC217E /* AttentionCell.swift */ = {isa = PBXFileReference; fileEncoding = 4; lastKnownFileType = sourcecode.swift; path = AttentionCell.swift; sourceTree = "<group>"; };
		ED945AD71E54F66900FC217E /* LoadingView.swift */ = {isa = PBXFileReference; fileEncoding = 4; lastKnownFileType = sourcecode.swift; path = LoadingView.swift; sourceTree = "<group>"; };
		ED945AD91E55DC3900FC217E /* NotifService.swift */ = {isa = PBXFileReference; fileEncoding = 4; lastKnownFileType = sourcecode.swift; path = NotifService.swift; sourceTree = "<group>"; };
		EDB1F9161DA55E6B00540AEA /* CoupleTimezones.app */ = {isa = PBXFileReference; explicitFileType = wrapper.application; includeInIndex = 0; path = CoupleTimezones.app; sourceTree = BUILT_PRODUCTS_DIR; };
		EDB1F9191DA55E6B00540AEA /* AppDelegate.swift */ = {isa = PBXFileReference; lastKnownFileType = sourcecode.swift; path = AppDelegate.swift; sourceTree = "<group>"; };
		EDB1F91B1DA55E6B00540AEA /* AlarmClockViewController.swift */ = {isa = PBXFileReference; lastKnownFileType = sourcecode.swift; path = AlarmClockViewController.swift; sourceTree = "<group>"; };
		EDB1F91E1DA55E6B00540AEA /* Base */ = {isa = PBXFileReference; lastKnownFileType = file.storyboard; name = Base; path = Base.lproj/Main.storyboard; sourceTree = "<group>"; };
		EDB1F9201DA55E6B00540AEA /* Assets.xcassets */ = {isa = PBXFileReference; lastKnownFileType = folder.assetcatalog; path = Assets.xcassets; sourceTree = "<group>"; };
		EDB1F9231DA55E6B00540AEA /* Base */ = {isa = PBXFileReference; lastKnownFileType = file.storyboard; name = Base; path = Base.lproj/LaunchScreen.storyboard; sourceTree = "<group>"; };
		EDB1F9251DA55E6B00540AEA /* Info.plist */ = {isa = PBXFileReference; lastKnownFileType = text.plist.xml; path = Info.plist; sourceTree = "<group>"; };
		EDB1F92C1DA561FC00540AEA /* FZYanSJW.TTF */ = {isa = PBXFileReference; lastKnownFileType = file; path = FZYanSJW.TTF; sourceTree = "<group>"; };
		EDC521181DA969B5007039FC /* UserSettings.swift */ = {isa = PBXFileReference; fileEncoding = 4; lastKnownFileType = sourcecode.swift; path = UserSettings.swift; sourceTree = "<group>"; };
		EDC5211A1DA9A1D5007039FC /* zh-Hans */ = {isa = PBXFileReference; lastKnownFileType = text.plist.strings; name = "zh-Hans"; path = "zh-Hans.lproj/Main.strings"; sourceTree = "<group>"; };
		EDC5211B1DA9A1D5007039FC /* zh-Hans */ = {isa = PBXFileReference; lastKnownFileType = text.plist.strings; name = "zh-Hans"; path = "zh-Hans.lproj/LaunchScreen.strings"; sourceTree = "<group>"; };
		EDC5211F1DA9ABC4007039FC /* zh-Hans */ = {isa = PBXFileReference; lastKnownFileType = text.plist.strings; name = "zh-Hans"; path = "zh-Hans.lproj/Localizable.strings"; sourceTree = "<group>"; };
		EDC521241DA9ABC4007039FC /* zh-Hans */ = {isa = PBXFileReference; lastKnownFileType = text.plist.strings; name = "zh-Hans"; path = "zh-Hans.lproj/InfoPlist.strings"; sourceTree = "<group>"; };
		EDC521261DAA4D5F007039FC /* CTDateModel.swift */ = {isa = PBXFileReference; fileEncoding = 4; lastKnownFileType = sourcecode.swift; path = CTDateModel.swift; sourceTree = "<group>"; };
		EDC521281DAA6034007039FC /* FZMSTJW.TTF */ = {isa = PBXFileReference; lastKnownFileType = file; path = FZMSTJW.TTF; sourceTree = "<group>"; };
		EDC521381DAE923C007039FC /* AlarmClockHelperModel.swift */ = {isa = PBXFileReference; fileEncoding = 4; lastKnownFileType = sourcecode.swift; path = AlarmClockHelperModel.swift; sourceTree = "<group>"; };
		EDC5213C1DAFBAA6007039FC /* ElephanteCatchingOnfeat.m4a */ = {isa = PBXFileReference; lastKnownFileType = file; path = ElephanteCatchingOnfeat.m4a; sourceTree = "<group>"; };
		EDC5213E1DAFBC75007039FC /* ElephanteCatchingOnfeat(25).wav */ = {isa = PBXFileReference; lastKnownFileType = audio.wav; path = "ElephanteCatchingOnfeat(25).wav"; sourceTree = "<group>"; };
		EDC521401DAFC3D8007039FC /* ElephanteCatchingOnfeat25.aiff */ = {isa = PBXFileReference; lastKnownFileType = audio.aiff; path = ElephanteCatchingOnfeat25.aiff; sourceTree = "<group>"; };
		EDC521621DB0E9DC007039FC /* AlertViewController.swift */ = {isa = PBXFileReference; fileEncoding = 4; lastKnownFileType = sourcecode.swift; path = AlertViewController.swift; sourceTree = "<group>"; };
/* End PBXFileReference section */

/* Begin PBXFrameworksBuildPhase section */
		EDB1F9131DA55E6A00540AEA /* Frameworks */ = {
			isa = PBXFrameworksBuildPhase;
			buildActionMask = 2147483647;
			files = (
				CB54568702E47198AF705E21 /* Pods_CoupleTimezones.framework in Frameworks */,
			);
			runOnlyForDeploymentPostprocessing = 0;
		};
/* End PBXFrameworksBuildPhase section */

/* Begin PBXGroup section */
		6BCAA7F74A2409AE153276EF /* Frameworks */ = {
			isa = PBXGroup;
			children = (
				2E79E6423D49071B02D6BA10 /* Pods_CoupleTimezones.framework */,
			);
			name = Frameworks;
			sourceTree = "<group>";
		};
		BF4FFC3BF64FDE8E18EE8CE0 /* Pods */ = {
			isa = PBXGroup;
			children = (
				EB1425EFCFD125D923B0EB2F /* Pods-CoupleTimezones.debug.xcconfig */,
				073231FF07FBD526DB9F5891 /* Pods-CoupleTimezones.release.xcconfig */,
			);
			name = Pods;
			sourceTree = "<group>";
		};
		ED5391DC1DA580C400071709 /* Views */ = {
			isa = PBXGroup;
			children = (
				ED5391DD1DA580E100071709 /* AlarmClockCell.swift */,
				ED53920E1DA65BEF00071709 /* RatioView.swift */,
				ED5392101DA6600F00071709 /* SwitchView.swift */,
				ED5392131DA6811600071709 /* DayInWeekCell.swift */,
				ED5392191DA6D62800071709 /* NoContentCell.swift */,
				ED945AD51E54A76200FC217E /* AttentionCell.swift */,
			);
			name = Views;
			sourceTree = "<group>";
		};
		ED5391E31DA5898300071709 /* Models */ = {
			isa = PBXGroup;
			children = (
				ED5391E51DA5899F00071709 /* AlarmClockModel.swift */,
				EDC521261DAA4D5F007039FC /* CTDateModel.swift */,
				EDC521381DAE923C007039FC /* AlarmClockHelperModel.swift */,
			);
			name = Models;
			sourceTree = "<group>";
		};
		ED5391E41DA5898700071709 /* Controllers */ = {
			isa = PBXGroup;
			children = (
				EDB1F91B1DA55E6B00540AEA /* AlarmClockViewController.swift */,
				ED53920C1DA652B100071709 /* NewAlarmClockViewController.swift */,
				ED5392151DA6832900071709 /* SelectRepeatDayViewController.swift */,
				ED5392171DA6CDF400071709 /* EditTagViewController.swift */,
				EDC521621DB0E9DC007039FC /* AlertViewController.swift */,
			);
			name = Controllers;
			sourceTree = "<group>";
		};
		ED660C2B1DA7AD4100411874 /* Settings */ = {
			isa = PBXGroup;
			children = (
				ED660C2E1DA7AD8400411874 /* Controllers */,
				ED660C2D1DA7AD7900411874 /* Models */,
				ED660C2C1DA7AD6B00411874 /* Views */,
			);
			name = Settings;
			sourceTree = "<group>";
		};
		ED660C2C1DA7AD6B00411874 /* Views */ = {
			isa = PBXGroup;
			children = (
			);
			name = Views;
			sourceTree = "<group>";
		};
		ED660C2D1DA7AD7900411874 /* Models */ = {
			isa = PBXGroup;
			children = (
				EDC521181DA969B5007039FC /* UserSettings.swift */,
			);
			name = Models;
			sourceTree = "<group>";
		};
		ED660C2E1DA7AD8400411874 /* Controllers */ = {
			isa = PBXGroup;
			children = (
				ED660C2F1DA7ADE900411874 /* SettingViewController.swift */,
			);
			name = Controllers;
			sourceTree = "<group>";
		};
		ED660C351DA9012000411874 /* SlidingForm */ = {
			isa = PBXGroup;
			children = (
				ED660C381DA9013900411874 /* Constrollers */,
				ED660C371DA9013500411874 /* Models */,
				ED660C361DA9012D00411874 /* Views */,
			);
			name = SlidingForm;
			sourceTree = "<group>";
		};
		ED660C361DA9012D00411874 /* Views */ = {
			isa = PBXGroup;
			children = (
				ED660C391DA9016600411874 /* SlidingFormPage.swift */,
				ED660C3B1DA90A1E00411874 /* SlidingFormElementCheckbox.swift */,
				ED660C3D1DA90A6C00411874 /* SlidingFormElementRatio.swift */,
				ED660C3F1DA913B800411874 /* SlidingFormPageConfig.swift */,
				ED660C411DA928E500411874 /* SlidingFormElementSwitch.swift */,
			);
			name = Views;
			sourceTree = "<group>";
		};
		ED660C371DA9013500411874 /* Models */ = {
			isa = PBXGroup;
			children = (
			);
			name = Models;
			sourceTree = "<group>";
		};
		ED660C381DA9013900411874 /* Constrollers */ = {
			isa = PBXGroup;
			children = (
				ED660C331DA7E78B00411874 /* SlidingFormViewController.swift */,
			);
			name = Constrollers;
			sourceTree = "<group>";
		};
		ED945AD21E520D0F00FC217E /* Services */ = {
			isa = PBXGroup;
			children = (
				ED945AD01E51FEE100FC217E /* UserService.swift */,
				ED945AD31E520D2200FC217E /* AlarmClockService.swift */,
				ED945AD91E55DC3900FC217E /* NotifService.swift */,
			);
			name = Services;
			sourceTree = "<group>";
		};
		EDB1F90D1DA55E6A00540AEA = {
			isa = PBXGroup;
			children = (
				ED945ACC1E51F9A700FC217E /* localdata.xcdatamodeld */,
				EDB1F9181DA55E6B00540AEA /* CoupleTimezones */,
				EDB1F9171DA55E6B00540AEA /* Products */,
				BF4FFC3BF64FDE8E18EE8CE0 /* Pods */,
				6BCAA7F74A2409AE153276EF /* Frameworks */,
			);
			sourceTree = "<group>";
		};
		EDB1F9171DA55E6B00540AEA /* Products */ = {
			isa = PBXGroup;
			children = (
				EDB1F9161DA55E6B00540AEA /* CoupleTimezones.app */,
			);
			name = Products;
			sourceTree = "<group>";
		};
		EDB1F9181DA55E6B00540AEA /* CoupleTimezones */ = {
			isa = PBXGroup;
			children = (
				EDB1F9191DA55E6B00540AEA /* AppDelegate.swift */,
				ED945AD71E54F66900FC217E /* LoadingView.swift */,
				ED945AD21E520D0F00FC217E /* Services */,
				EDC521251DA9ABC4007039FC /* InfoPlist.strings */,
				EDC521201DA9ABC4007039FC /* Localizable.strings */,
				ED5392081DA64C2800071709 /* UserData.swift */,
				ED5391DF1DA5841900071709 /* Constants.swift */,
				ED53920A1DA6513000071709 /* Helpers.swift */,
				ED5391E11DA5845D00071709 /* Extensions.swift */,
				EDB1F92B1DA55ED100540AEA /* AlarmClock */,
				ED660C2B1DA7AD4100411874 /* Settings */,
				ED660C351DA9012000411874 /* SlidingForm */,
				EDB1F91D1DA55E6B00540AEA /* Main.storyboard */,
				EDB1F92C1DA561FC00540AEA /* FZYanSJW.TTF */,
				EDC521281DAA6034007039FC /* FZMSTJW.TTF */,
				EDB1F9201DA55E6B00540AEA /* Assets.xcassets */,
				EDC521401DAFC3D8007039FC /* ElephanteCatchingOnfeat25.aiff */,
				EDC5213C1DAFBAA6007039FC /* ElephanteCatchingOnfeat.m4a */,
				EDC5213E1DAFBC75007039FC /* ElephanteCatchingOnfeat(25).wav */,
				EDB1F9221DA55E6B00540AEA /* LaunchScreen.storyboard */,
				EDB1F9251DA55E6B00540AEA /* Info.plist */,
				ED945ACA1E51F8FA00FC217E /* GoogleService-Info.plist */,
			);
			path = CoupleTimezones;
			sourceTree = "<group>";
		};
		EDB1F92B1DA55ED100540AEA /* AlarmClock */ = {
			isa = PBXGroup;
			children = (
				ED5391E41DA5898700071709 /* Controllers */,
				ED5391E31DA5898300071709 /* Models */,
				ED5391DC1DA580C400071709 /* Views */,
			);
			name = AlarmClock;
			sourceTree = "<group>";
		};
/* End PBXGroup section */

/* Begin PBXNativeTarget section */
		EDB1F9151DA55E6A00540AEA /* CoupleTimezones */ = {
			isa = PBXNativeTarget;
			buildConfigurationList = EDB1F9281DA55E6B00540AEA /* Build configuration list for PBXNativeTarget "CoupleTimezones" */;
			buildPhases = (
				EC438C8D981C849E34444FB1 /* [CP] Check Pods Manifest.lock */,
				EDB1F9121DA55E6A00540AEA /* Sources */,
				EDB1F9131DA55E6A00540AEA /* Frameworks */,
				EDB1F9141DA55E6A00540AEA /* Resources */,
				9AECB12EE505B5B0523EFDB8 /* [CP] Embed Pods Frameworks */,
				EBE9E66262F929A7A7C9F469 /* [CP] Copy Pods Resources */,
			);
			buildRules = (
			);
			dependencies = (
			);
			name = CoupleTimezones;
			productName = CoupleTimezones;
			productReference = EDB1F9161DA55E6B00540AEA /* CoupleTimezones.app */;
			productType = "com.apple.product-type.application";
		};
/* End PBXNativeTarget section */

/* Begin PBXProject section */
		EDB1F90E1DA55E6A00540AEA /* Project object */ = {
			isa = PBXProject;
			attributes = {
				LastSwiftUpdateCheck = 0800;
				LastUpgradeCheck = 0800;
				ORGANIZATIONNAME = Ant;
				TargetAttributes = {
					EDB1F9151DA55E6A00540AEA = {
						CreatedOnToolsVersion = 8.0;
						DevelopmentTeam = SLMFH6GDG4;
						LastSwiftMigration = 0800;
						ProvisioningStyle = Automatic;
					};
				};
			};
			buildConfigurationList = EDB1F9111DA55E6A00540AEA /* Build configuration list for PBXProject "CoupleTimezones" */;
			compatibilityVersion = "Xcode 3.2";
			developmentRegion = English;
			hasScannedForEncodings = 0;
			knownRegions = (
				en,
				Base,
			);
			mainGroup = EDB1F90D1DA55E6A00540AEA;
			productRefGroup = EDB1F9171DA55E6B00540AEA /* Products */;
			projectDirPath = "";
			projectRoot = "";
			targets = (
				EDB1F9151DA55E6A00540AEA /* CoupleTimezones */,
			);
		};
/* End PBXProject section */

/* Begin PBXResourcesBuildPhase section */
		EDB1F9141DA55E6A00540AEA /* Resources */ = {
			isa = PBXResourcesBuildPhase;
			buildActionMask = 2147483647;
			files = (
				EDC5213D1DAFBAA6007039FC /* ElephanteCatchingOnfeat.m4a in Resources */,
				EDC5211E1DA9ABC4007039FC /* Localizable.strings in Resources */,
				EDC521231DA9ABC4007039FC /* InfoPlist.strings in Resources */,
				EDC521411DAFC3D8007039FC /* ElephanteCatchingOnfeat25.aiff in Resources */,
				ED5391DB1DA5772100071709 /* FZYanSJW.TTF in Resources */,
				EDC521291DAA6057007039FC /* FZMSTJW.TTF in Resources */,
				EDC5213F1DAFBC75007039FC /* ElephanteCatchingOnfeat(25).wav in Resources */,
				EDB1F9241DA55E6B00540AEA /* LaunchScreen.storyboard in Resources */,
				ED945ACB1E51F8FA00FC217E /* GoogleService-Info.plist in Resources */,
				EDB1F9211DA55E6B00540AEA /* Assets.xcassets in Resources */,
				EDB1F91F1DA55E6B00540AEA /* Main.storyboard in Resources */,
			);
			runOnlyForDeploymentPostprocessing = 0;
		};
/* End PBXResourcesBuildPhase section */

/* Begin PBXShellScriptBuildPhase section */
		9AECB12EE505B5B0523EFDB8 /* [CP] Embed Pods Frameworks */ = {
			isa = PBXShellScriptBuildPhase;
			buildActionMask = 2147483647;
			files = (
			);
			inputPaths = (
			);
			name = "[CP] Embed Pods Frameworks";
			outputPaths = (
			);
			runOnlyForDeploymentPostprocessing = 0;
			shellPath = /bin/sh;
			shellScript = "\"${SRCROOT}/Pods/Target Support Files/Pods-CoupleTimezones/Pods-CoupleTimezones-frameworks.sh\"\n";
			showEnvVarsInLog = 0;
		};
		EBE9E66262F929A7A7C9F469 /* [CP] Copy Pods Resources */ = {
			isa = PBXShellScriptBuildPhase;
			buildActionMask = 2147483647;
			files = (
			);
			inputPaths = (
			);
			name = "[CP] Copy Pods Resources";
			outputPaths = (
			);
			runOnlyForDeploymentPostprocessing = 0;
			shellPath = /bin/sh;
			shellScript = "\"${SRCROOT}/Pods/Target Support Files/Pods-CoupleTimezones/Pods-CoupleTimezones-resources.sh\"\n";
			showEnvVarsInLog = 0;
		};
		EC438C8D981C849E34444FB1 /* [CP] Check Pods Manifest.lock */ = {
			isa = PBXShellScriptBuildPhase;
			buildActionMask = 2147483647;
			files = (
			);
			inputPaths = (
			);
			name = "[CP] Check Pods Manifest.lock";
			outputPaths = (
			);
			runOnlyForDeploymentPostprocessing = 0;
			shellPath = /bin/sh;
			shellScript = "diff \"${PODS_ROOT}/../Podfile.lock\" \"${PODS_ROOT}/Manifest.lock\" > /dev/null\nif [ $? != 0 ] ; then\n    # print error to STDERR\n    echo \"error: The sandbox is not in sync with the Podfile.lock. Run 'pod install' or update your CocoaPods installation.\" >&2\n    exit 1\nfi\n";
			showEnvVarsInLog = 0;
		};
/* End PBXShellScriptBuildPhase section */

/* Begin PBXSourcesBuildPhase section */
		EDB1F9121DA55E6A00540AEA /* Sources */ = {
			isa = PBXSourcesBuildPhase;
			buildActionMask = 2147483647;
			files = (
				ED945AD11E51FEE100FC217E /* UserService.swift in Sources */,
				ED660C421DA928E500411874 /* SlidingFormElementSwitch.swift in Sources */,
				ED660C301DA7ADE900411874 /* SettingViewController.swift in Sources */,
				ED5391E21DA5845D00071709 /* Extensions.swift in Sources */,
				ED5391E01DA5841900071709 /* Constants.swift in Sources */,
				ED5392091DA64C2800071709 /* UserData.swift in Sources */,
				ED945ACE1E51F9A700FC217E /* localdata.xcdatamodeld in Sources */,
				ED5392141DA6811600071709 /* DayInWeekCell.swift in Sources */,
				ED660C3A1DA9016600411874 /* SlidingFormPage.swift in Sources */,
				ED53920B1DA6513000071709 /* Helpers.swift in Sources */,
				ED660C341DA7E78B00411874 /* SlidingFormViewController.swift in Sources */,
				ED660C3E1DA90A6C00411874 /* SlidingFormElementRatio.swift in Sources */,
				ED5391E61DA5899F00071709 /* AlarmClockModel.swift in Sources */,
				EDC521631DB0E9DC007039FC /* AlertViewController.swift in Sources */,
				EDB1F91C1DA55E6B00540AEA /* AlarmClockViewController.swift in Sources */,
				ED53920D1DA652B100071709 /* NewAlarmClockViewController.swift in Sources */,
				ED660C401DA913B800411874 /* SlidingFormPageConfig.swift in Sources */,
				ED5392111DA6600F00071709 /* SwitchView.swift in Sources */,
				ED5392181DA6CDF400071709 /* EditTagViewController.swift in Sources */,
				ED53921A1DA6D62800071709 /* NoContentCell.swift in Sources */,
				EDC521191DA969B5007039FC /* UserSettings.swift in Sources */,
				ED53920F1DA65BEF00071709 /* RatioView.swift in Sources */,
				ED660C3C1DA90A1E00411874 /* SlidingFormElementCheckbox.swift in Sources */,
				EDC521271DAA4D5F007039FC /* CTDateModel.swift in Sources */,
				ED945AD61E54A76200FC217E /* AttentionCell.swift in Sources */,
				ED5391DE1DA580E100071709 /* AlarmClockCell.swift in Sources */,
				EDB1F91A1DA55E6B00540AEA /* AppDelegate.swift in Sources */,
				EDC521391DAE923C007039FC /* AlarmClockHelperModel.swift in Sources */,
				ED945AD41E520D2200FC217E /* AlarmClockService.swift in Sources */,
				ED945AD81E54F66900FC217E /* LoadingView.swift in Sources */,
				ED945ADA1E55DC3900FC217E /* NotifService.swift in Sources */,
				ED5392161DA6832900071709 /* SelectRepeatDayViewController.swift in Sources */,
			);
			runOnlyForDeploymentPostprocessing = 0;
		};
/* End PBXSourcesBuildPhase section */

/* Begin PBXVariantGroup section */
		EDB1F91D1DA55E6B00540AEA /* Main.storyboard */ = {
			isa = PBXVariantGroup;
			children = (
				EDB1F91E1DA55E6B00540AEA /* Base */,
				EDC5211A1DA9A1D5007039FC /* zh-Hans */,
			);
			name = Main.storyboard;
			sourceTree = "<group>";
		};
		EDB1F9221DA55E6B00540AEA /* LaunchScreen.storyboard */ = {
			isa = PBXVariantGroup;
			children = (
				EDB1F9231DA55E6B00540AEA /* Base */,
				EDC5211B1DA9A1D5007039FC /* zh-Hans */,
			);
			name = LaunchScreen.storyboard;
			sourceTree = "<group>";
		};
		EDC521201DA9ABC4007039FC /* Localizable.strings */ = {
			isa = PBXVariantGroup;
			children = (
				EDC5211F1DA9ABC4007039FC /* zh-Hans */,
			);
			name = Localizable.strings;
			sourceTree = "<group>";
		};
		EDC521251DA9ABC4007039FC /* InfoPlist.strings */ = {
			isa = PBXVariantGroup;
			children = (
				EDC521241DA9ABC4007039FC /* zh-Hans */,
			);
			name = InfoPlist.strings;
			sourceTree = "<group>";
		};
/* End PBXVariantGroup section */

/* Begin XCBuildConfiguration section */
		EDB1F9261DA55E6B00540AEA /* Debug */ = {
			isa = XCBuildConfiguration;
			buildSettings = {
				ALWAYS_SEARCH_USER_PATHS = NO;
				CLANG_ANALYZER_LOCALIZABILITY_NONLOCALIZED = YES;
				CLANG_ANALYZER_NONNULL = YES;
				CLANG_CXX_LANGUAGE_STANDARD = "gnu++0x";
				CLANG_CXX_LIBRARY = "libc++";
				CLANG_ENABLE_MODULES = YES;
				CLANG_ENABLE_OBJC_ARC = YES;
				CLANG_WARN_BOOL_CONVERSION = YES;
				CLANG_WARN_CONSTANT_CONVERSION = YES;
				CLANG_WARN_DIRECT_OBJC_ISA_USAGE = YES_ERROR;
				CLANG_WARN_DOCUMENTATION_COMMENTS = YES;
				CLANG_WARN_EMPTY_BODY = YES;
				CLANG_WARN_ENUM_CONVERSION = YES;
				CLANG_WARN_INFINITE_RECURSION = YES;
				CLANG_WARN_INT_CONVERSION = YES;
				CLANG_WARN_OBJC_ROOT_CLASS = YES_ERROR;
				CLANG_WARN_SUSPICIOUS_MOVES = YES;
				CLANG_WARN_UNREACHABLE_CODE = YES;
				CLANG_WARN__DUPLICATE_METHOD_MATCH = YES;
				"CODE_SIGN_IDENTITY[sdk=iphoneos*]" = "iPhone Developer";
				COPY_PHASE_STRIP = NO;
				DEBUG_INFORMATION_FORMAT = dwarf;
				ENABLE_STRICT_OBJC_MSGSEND = YES;
				ENABLE_TESTABILITY = YES;
				GCC_C_LANGUAGE_STANDARD = gnu99;
				GCC_DYNAMIC_NO_PIC = NO;
				GCC_NO_COMMON_BLOCKS = YES;
				GCC_OPTIMIZATION_LEVEL = 0;
				GCC_PREPROCESSOR_DEFINITIONS = (
					"DEBUG=1",
					"$(inherited)",
				);
				GCC_WARN_64_TO_32_BIT_CONVERSION = YES;
				GCC_WARN_ABOUT_RETURN_TYPE = YES_ERROR;
				GCC_WARN_UNDECLARED_SELECTOR = YES;
				GCC_WARN_UNINITIALIZED_AUTOS = YES_AGGRESSIVE;
				GCC_WARN_UNUSED_FUNCTION = YES;
				GCC_WARN_UNUSED_VARIABLE = YES;
				IPHONEOS_DEPLOYMENT_TARGET = 10.0;
				MTL_ENABLE_DEBUG_INFO = YES;
				ONLY_ACTIVE_ARCH = YES;
				SDKROOT = iphoneos;
				SWIFT_ACTIVE_COMPILATION_CONDITIONS = DEBUG;
				SWIFT_OPTIMIZATION_LEVEL = "-Onone";
				TARGETED_DEVICE_FAMILY = "1,2";
			};
			name = Debug;
		};
		EDB1F9271DA55E6B00540AEA /* Release */ = {
			isa = XCBuildConfiguration;
			buildSettings = {
				ALWAYS_SEARCH_USER_PATHS = NO;
				CLANG_ANALYZER_LOCALIZABILITY_NONLOCALIZED = YES;
				CLANG_ANALYZER_NONNULL = YES;
				CLANG_CXX_LANGUAGE_STANDARD = "gnu++0x";
				CLANG_CXX_LIBRARY = "libc++";
				CLANG_ENABLE_MODULES = YES;
				CLANG_ENABLE_OBJC_ARC = YES;
				CLANG_WARN_BOOL_CONVERSION = YES;
				CLANG_WARN_CONSTANT_CONVERSION = YES;
				CLANG_WARN_DIRECT_OBJC_ISA_USAGE = YES_ERROR;
				CLANG_WARN_DOCUMENTATION_COMMENTS = YES;
				CLANG_WARN_EMPTY_BODY = YES;
				CLANG_WARN_ENUM_CONVERSION = YES;
				CLANG_WARN_INFINITE_RECURSION = YES;
				CLANG_WARN_INT_CONVERSION = YES;
				CLANG_WARN_OBJC_ROOT_CLASS = YES_ERROR;
				CLANG_WARN_SUSPICIOUS_MOVES = YES;
				CLANG_WARN_UNREACHABLE_CODE = YES;
				CLANG_WARN__DUPLICATE_METHOD_MATCH = YES;
				"CODE_SIGN_IDENTITY[sdk=iphoneos*]" = "iPhone Developer";
				COPY_PHASE_STRIP = NO;
				DEBUG_INFORMATION_FORMAT = "dwarf-with-dsym";
				ENABLE_NS_ASSERTIONS = NO;
				ENABLE_STRICT_OBJC_MSGSEND = YES;
				GCC_C_LANGUAGE_STANDARD = gnu99;
				GCC_NO_COMMON_BLOCKS = YES;
				GCC_WARN_64_TO_32_BIT_CONVERSION = YES;
				GCC_WARN_ABOUT_RETURN_TYPE = YES_ERROR;
				GCC_WARN_UNDECLARED_SELECTOR = YES;
				GCC_WARN_UNINITIALIZED_AUTOS = YES_AGGRESSIVE;
				GCC_WARN_UNUSED_FUNCTION = YES;
				GCC_WARN_UNUSED_VARIABLE = YES;
				IPHONEOS_DEPLOYMENT_TARGET = 10.0;
				MTL_ENABLE_DEBUG_INFO = NO;
				SDKROOT = iphoneos;
				SWIFT_OPTIMIZATION_LEVEL = "-Owholemodule";
				TARGETED_DEVICE_FAMILY = "1,2";
				VALIDATE_PRODUCT = YES;
			};
			name = Release;
		};
		EDB1F9291DA55E6B00540AEA /* Debug */ = {
			isa = XCBuildConfiguration;
			baseConfigurationReference = EB1425EFCFD125D923B0EB2F /* Pods-CoupleTimezones.debug.xcconfig */;
			buildSettings = {
				ASSETCATALOG_COMPILER_APPICON_NAME = AppIcon;
				DEVELOPMENT_TEAM = SLMFH6GDG4;
				INFOPLIST_FILE = CoupleTimezones/Info.plist;
				LD_RUNPATH_SEARCH_PATHS = "$(inherited) @executable_path/Frameworks";
				PRODUCT_BUNDLE_IDENTIFIER = me.chengkang.CoupleTimezones;
				PRODUCT_NAME = "$(TARGET_NAME)";
				SWIFT_VERSION = 3.0;
			};
			name = Debug;
		};
		EDB1F92A1DA55E6B00540AEA /* Release */ = {
			isa = XCBuildConfiguration;
			baseConfigurationReference = 073231FF07FBD526DB9F5891 /* Pods-CoupleTimezones.release.xcconfig */;
			buildSettings = {
				ASSETCATALOG_COMPILER_APPICON_NAME = AppIcon;
				DEVELOPMENT_TEAM = SLMFH6GDG4;
				INFOPLIST_FILE = CoupleTimezones/Info.plist;
				LD_RUNPATH_SEARCH_PATHS = "$(inherited) @executable_path/Frameworks";
				PRODUCT_BUNDLE_IDENTIFIER = me.chengkang.CoupleTimezones;
				PRODUCT_NAME = "$(TARGET_NAME)";
				SWIFT_VERSION = 3.0;
			};
			name = Release;
		};
/* End XCBuildConfiguration section */

/* Begin XCConfigurationList section */
		EDB1F9111DA55E6A00540AEA /* Build configuration list for PBXProject "CoupleTimezones" */ = {
			isa = XCConfigurationList;
			buildConfigurations = (
				EDB1F9261DA55E6B00540AEA /* Debug */,
				EDB1F9271DA55E6B00540AEA /* Release */,
			);
			defaultConfigurationIsVisible = 0;
			defaultConfigurationName = Release;
		};
		EDB1F9281DA55E6B00540AEA /* Build configuration list for PBXNativeTarget "CoupleTimezones" */ = {
			isa = XCConfigurationList;
			buildConfigurations = (
				EDB1F9291DA55E6B00540AEA /* Debug */,
				EDB1F92A1DA55E6B00540AEA /* Release */,
			);
			defaultConfigurationIsVisible = 0;
			defaultConfigurationName = Release;
		};
/* End XCConfigurationList section */

/* Begin XCVersionGroup section */
		ED945ACC1E51F9A700FC217E /* localdata.xcdatamodeld */ = {
			isa = XCVersionGroup;
			children = (
				ED945ACD1E51F9A700FC217E /* localdata.xcdatamodel */,
			);
			currentVersion = ED945ACD1E51F9A700FC217E /* localdata.xcdatamodel */;
			path = localdata.xcdatamodeld;
			sourceTree = "<group>";
			versionGroupType = wrapper.xcdatamodel;
		};
/* End XCVersionGroup section */
	};
	rootObject = EDB1F90E1DA55E6A00540AEA /* Project object */;
}
